
Microsoft Visual Studio Solution File, Format Version 12.00
# Visual Studio 15
VisualStudioVersion = 15.0.27703.2042
MinimumVisualStudioVersion = 10.0.40219.1
Project("{9A19103F-16F7-4668-BE54-9A1E7A4F7556}") = "Woffu.PruebaTecnica.Webapi", "Woffu.PruebaTecnica.Webapi\Woffu.PruebaTecnica.Webapi.csproj", "{DA1E550B-5A1D-40AB-9DDE-BD6D190D42E7}"
EndProject
Project("{9A19103F-16F7-4668-BE54-9A1E7A4F7556}") = "Woffu.PruebaTecnica.Webapi.Tests", "Woffu.PruebaTecnica.Webapi.Tests\Woffu.PruebaTecnica.Webapi.Tests.csproj", "{3C4D8AD8-7A3E-430F-89AE-659185AEC08E}"
EndProject
Project("{FAE04EC0-301F-11D3-BF4B-00C04F79EFBC}") = "Woffu.PruebaTecnica.WebApplication", "Woffu.PruebaTecnica.WebApplication\Woffu.PruebaTecnica.WebApplication.csproj", "{63992C0C-7EB1-4106-9106-38B548207A5B}"
EndProject
Global
	GlobalSection(SolutionConfigurationPlatforms) = preSolution
		Debug|Any CPU = Debug|Any CPU
		Release|Any CPU = Release|Any CPU
	EndGlobalSection
	GlobalSection(ProjectConfigurationPlatforms) = postSolution
		{DA1E550B-5A1D-40AB-9DDE-BD6D190D42E7}.Debug|Any CPU.ActiveCfg = Debug|Any CPU
		{DA1E550B-5A1D-40AB-9DDE-BD6D190D42E7}.Debug|Any CPU.Build.0 = Debug|Any CPU
		{DA1E550B-5A1D-40AB-9DDE-BD6D190D42E7}.Release|Any CPU.ActiveCfg = Release|Any CPU
		{DA1E550B-5A1D-40AB-9DDE-BD6D190D42E7}.Release|Any CPU.Build.0 = Release|Any CPU
		{3C4D8AD8-7A3E-430F-89AE-659185AEC08E}.Debug|Any CPU.ActiveCfg = Debug|Any CPU
		{3C4D8AD8-7A3E-430F-89AE-659185AEC08E}.Debug|Any CPU.Build.0 = Debug|Any CPU
		{3C4D8AD8-7A3E-430F-89AE-659185AEC08E}.Release|Any CPU.ActiveCfg = Release|Any CPU
		{3C4D8AD8-7A3E-430F-89AE-659185AEC08E}.Release|Any CPU.Build.0 = Release|Any CPU
		{63992C0C-7EB1-4106-9106-38B548207A5B}.Debug|Any CPU.ActiveCfg = Debug|Any CPU
		{63992C0C-7EB1-4106-9106-38B548207A5B}.Debug|Any CPU.Build.0 = Debug|Any CPU
		{63992C0C-7EB1-4106-9106-38B548207A5B}.Release|Any CPU.ActiveCfg = Release|Any CPU
		{63992C0C-7EB1-4106-9106-38B548207A5B}.Release|Any CPU.Build.0 = Release|Any CPU
	EndGlobalSection
	GlobalSection(SolutionProperties) = preSolution
		HideSolutionNode = FALSE
	EndGlobalSection
	GlobalSection(ExtensibilityGlobals) = postSolution
		SolutionGuid = {99D360E1-6455-416C-A080-9461D905A177}
	EndGlobalSection
EndGlobal
